// !$*UTF8*$!
{
	archiveVersion = 1;
	classes = {
	};
	objectVersion = 56;
	objects = {

/* Begin PBXBuildFile section */
		14BE30F2294311D500D2ED6F /* WordChainGameApp.swift in Sources */ = {isa = PBXBuildFile; fileRef = 14BE30F1294311D500D2ED6F /* WordChainGameApp.swift */; };
		14BE30F4294311D500D2ED6F /* ContentView.swift in Sources */ = {isa = PBXBuildFile; fileRef = 14BE30F3294311D500D2ED6F /* ContentView.swift */; };
		14BE30F6294311DB00D2ED6F /* Assets.xcassets in Resources */ = {isa = PBXBuildFile; fileRef = 14BE30F5294311DB00D2ED6F /* Assets.xcassets */; };
		14BE30F9294311DB00D2ED6F /* Preview Assets.xcassets in Resources */ = {isa = PBXBuildFile; fileRef = 14BE30F8294311DB00D2ED6F /* Preview Assets.xcassets */; };
		14BE310D294317D000D2ED6F /* GoogleService-Info.plist in Resources */ = {isa = PBXBuildFile; fileRef = 14BE310C294317D000D2ED6F /* GoogleService-Info.plist */; };
		14BE31102943184000D2ED6F /* FirebaseAuth in Frameworks */ = {isa = PBXBuildFile; productRef = 14BE310F2943184000D2ED6F /* FirebaseAuth */; };
		14BE31122943184000D2ED6F /* FirebaseDatabase in Frameworks */ = {isa = PBXBuildFile; productRef = 14BE31112943184000D2ED6F /* FirebaseDatabase */; };
		14BE31142943184000D2ED6F /* FirebaseDatabaseSwift in Frameworks */ = {isa = PBXBuildFile; productRef = 14BE31132943184000D2ED6F /* FirebaseDatabaseSwift */; };
		14BE31162943184000D2ED6F /* FirebaseFirestore in Frameworks */ = {isa = PBXBuildFile; productRef = 14BE31152943184000D2ED6F /* FirebaseFirestore */; };
		14BE31182943184000D2ED6F /* FirebaseFirestoreSwift in Frameworks */ = {isa = PBXBuildFile; productRef = 14BE31172943184000D2ED6F /* FirebaseFirestoreSwift */; };
/* End PBXBuildFile section */

/* Begin PBXFileReference section */
		14BE30EE294311D500D2ED6F /* WordChainGame.app */ = {isa = PBXFileReference; explicitFileType = wrapper.application; includeInIndex = 0; path = WordChainGame.app; sourceTree = BUILT_PRODUCTS_DIR; };
		14BE30F1294311D500D2ED6F /* WordChainGameApp.swift */ = {isa = PBXFileReference; lastKnownFileType = sourcecode.swift; path = WordChainGameApp.swift; sourceTree = "<group>"; };
		14BE30F3294311D500D2ED6F /* ContentView.swift */ = {isa = PBXFileReference; lastKnownFileType = sourcecode.swift; path = ContentView.swift; sourceTree = "<group>"; };
		14BE30F5294311DB00D2ED6F /* Assets.xcassets */ = {isa = PBXFileReference; lastKnownFileType = folder.assetcatalog; path = Assets.xcassets; sourceTree = "<group>"; };
		14BE30F8294311DB00D2ED6F /* Preview Assets.xcassets */ = {isa = PBXFileReference; lastKnownFileType = folder.assetcatalog; path = "Preview Assets.xcassets"; sourceTree = "<group>"; };
		14BE310C294317D000D2ED6F /* GoogleService-Info.plist */ = {isa = PBXFileReference; fileEncoding = 4; lastKnownFileType = text.plist.xml; path = "GoogleService-Info.plist"; sourceTree = "<group>"; };
/* End PBXFileReference section */

/* Begin PBXFrameworksBuildPhase section */
		14BE30EB294311D500D2ED6F /* Frameworks */ = {
			isa = PBXFrameworksBuildPhase;
			buildActionMask = 2147483647;
			files = (
				14BE31182943184000D2ED6F /* FirebaseFirestoreSwift in Frameworks */,
				14BE31142943184000D2ED6F /* FirebaseDatabaseSwift in Frameworks */,
				14BE31162943184000D2ED6F /* FirebaseFirestore in Frameworks */,
				14BE31122943184000D2ED6F /* FirebaseDatabase in Frameworks */,
				14BE31102943184000D2ED6F /* FirebaseAuth in Frameworks */,
			);
			runOnlyForDeploymentPostprocessing = 0;
		};
/* End PBXFrameworksBuildPhase section */

/* Begin PBXGroup section */
		14BE30E5294311D500D2ED6F = {
			isa = PBXGroup;
			children = (
				14BE30F0294311D500D2ED6F /* WordChainGame */,
				14BE30EF294311D500D2ED6F /* Products */,
			);
			sourceTree = "<group>";
		};
		14BE30EF294311D500D2ED6F /* Products */ = {
			isa = PBXGroup;
			children = (
				14BE30EE294311D500D2ED6F /* WordChainGame.app */,
			);
			name = Products;
			sourceTree = "<group>";
		};
		14BE30F0294311D500D2ED6F /* WordChainGame */ = {
			isa = PBXGroup;
			children = (
				14BE30F1294311D500D2ED6F /* WordChainGameApp.swift */,
				14BE30F3294311D500D2ED6F /* ContentView.swift */,
				14BE310C294317D000D2ED6F /* GoogleService-Info.plist */,
				14BE30F5294311DB00D2ED6F /* Assets.xcassets */,
				14BE30F7294311DB00D2ED6F /* Preview Content */,
			);
			path = WordChainGame;
			sourceTree = "<group>";
		};
		14BE30F7294311DB00D2ED6F /* Preview Content */ = {
			isa = PBXGroup;
			children = (
				14BE30F8294311DB00D2ED6F /* Preview Assets.xcassets */,
			);
			path = "Preview Content";
			sourceTree = "<group>";
		};
/* End PBXGroup section */

/* Begin PBXNativeTarget section */
		14BE30ED294311D500D2ED6F /* WordChainGame */ = {
			isa = PBXNativeTarget;
			buildConfigurationList = 14BE30FC294311DB00D2ED6F /* Build configuration list for PBXNativeTarget "WordChainGame" */;
			buildPhases = (
				14BE30EA294311D500D2ED6F /* Sources */,
				14BE30EB294311D500D2ED6F /* Frameworks */,
				14BE30EC294311D500D2ED6F /* Resources */,
			);
			buildRules = (
			);
			dependencies = (
			);
			name = WordChainGame;
			packageProductDependencies = (
				14BE310F2943184000D2ED6F /* FirebaseAuth */,
				14BE31112943184000D2ED6F /* FirebaseDatabase */,
				14BE31132943184000D2ED6F /* FirebaseDatabaseSwift */,
				14BE31152943184000D2ED6F /* FirebaseFirestore */,
				14BE31172943184000D2ED6F /* FirebaseFirestoreSwift */,
			);
			productName = WordChainGame;
			productReference = 14BE30EE294311D500D2ED6F /* WordChainGame.app */;
			productType = "com.apple.product-type.application";
		};
/* End PBXNativeTarget section */

/* Begin PBXProject section */
		14BE30E6294311D500D2ED6F /* Project object */ = {
			isa = PBXProject;
			attributes = {
				BuildIndependentTargetsInParallel = 1;
				LastSwiftUpdateCheck = 1410;
				LastUpgradeCheck = 1410;
				TargetAttributes = {
					14BE30ED294311D500D2ED6F = {
						CreatedOnToolsVersion = 14.1;
					};
				};
			};
			buildConfigurationList = 14BE30E9294311D500D2ED6F /* Build configuration list for PBXProject "WordChainGame" */;
			compatibilityVersion = "Xcode 14.0";
			developmentRegion = en;
			hasScannedForEncodings = 0;
			knownRegions = (
				en,
				Base,
			);
			mainGroup = 14BE30E5294311D500D2ED6F;
			packageReferences = (
				14BE310E2943184000D2ED6F /* XCRemoteSwiftPackageReference "firebase-ios-sdk" */,
			);
			productRefGroup = 14BE30EF294311D500D2ED6F /* Products */;
			projectDirPath = "";
			projectRoot = "";
			targets = (
				14BE30ED294311D500D2ED6F /* WordChainGame */,
			);
		};
/* End PBXProject section */

/* Begin PBXResourcesBuildPhase section */
		14BE30EC294311D500D2ED6F /* Resources */ = {
			isa = PBXResourcesBuildPhase;
			buildActionMask = 2147483647;
			files = (
				14BE30F9294311DB00D2ED6F /* Preview Assets.xcassets in Resources */,
				14BE310D294317D000D2ED6F /* GoogleService-Info.plist in Resources */,
				14BE30F6294311DB00D2ED6F /* Assets.xcassets in Resources */,
			);
			runOnlyForDeploymentPostprocessing = 0;
		};
/* End PBXResourcesBuildPhase section */

/* Begin PBXSourcesBuildPhase section */
		14BE30EA294311D500D2ED6F /* Sources */ = {
			isa = PBXSourcesBuildPhase;
			buildActionMask = 2147483647;
			files = (
				14BE30F4294311D500D2ED6F /* ContentView.swift in Sources */,
				14BE30F2294311D500D2ED6F /* WordChainGameApp.swift in Sources */,
			);
			runOnlyForDeploymentPostprocessing = 0;
		};
/* End PBXSourcesBuildPhase section */

/* Begin XCBuildConfiguration section */
		14BE30FA294311DB00D2ED6F /* Debug */ = {
			isa = XCBuildConfiguration;
			buildSettings = {
				ALWAYS_SEARCH_USER_PATHS = NO;
				CLANG_ANALYZER_NONNULL = YES;
				CLANG_ANALYZER_NUMBER_OBJECT_CONVERSION = YES_AGGRESSIVE;
				CLANG_CXX_LANGUAGE_STANDARD = "gnu++20";
				CLANG_ENABLE_MODULES = YES;
				CLANG_ENABLE_OBJC_ARC = YES;
				CLANG_ENABLE_OBJC_WEAK = YES;
				CLANG_WARN_BLOCK_CAPTURE_AUTORELEASING = YES;
				CLANG_WARN_BOOL_CONVERSION = YES;
				CLANG_WARN_COMMA = YES;
				CLANG_WARN_CONSTANT_CONVERSION = YES;
				CLANG_WARN_DEPRECATED_OBJC_IMPLEMENTATIONS = YES;
				CLANG_WARN_DIRECT_OBJC_ISA_USAGE = YES_ERROR;
				CLANG_WARN_DOCUMENTATION_COMMENTS = YES;
				CLANG_WARN_EMPTY_BODY = YES;
				CLANG_WARN_ENUM_CONVERSION = YES;
				CLANG_WARN_INFINITE_RECURSION = YES;
				CLANG_WARN_INT_CONVERSION = YES;
				CLANG_WARN_NON_LITERAL_NULL_CONVERSION = YES;
				CLANG_WARN_OBJC_IMPLICIT_RETAIN_SELF = YES;
				CLANG_WARN_OBJC_LITERAL_CONVERSION = YES;
				CLANG_WARN_OBJC_ROOT_CLASS = YES_ERROR;
				CLANG_WARN_QUOTED_INCLUDE_IN_FRAMEWORK_HEADER = YES;
				CLANG_WARN_RANGE_LOOP_ANALYSIS = YES;
				CLANG_WARN_STRICT_PROTOTYPES = YES;
				CLANG_WARN_SUSPICIOUS_MOVE = YES;
				CLANG_WARN_UNGUARDED_AVAILABILITY = YES_AGGRESSIVE;
				CLANG_WARN_UNREACHABLE_CODE = YES;
				CLANG_WARN__DUPLICATE_METHOD_MATCH = YES;
				COPY_PHASE_STRIP = NO;
				DEBUG_INFORMATION_FORMAT = dwarf;
				ENABLE_STRICT_OBJC_MSGSEND = YES;
				ENABLE_TESTABILITY = YES;
				GCC_C_LANGUAGE_STANDARD = gnu11;
				GCC_DYNAMIC_NO_PIC = NO;
				GCC_NO_COMMON_BLOCKS = YES;
				GCC_OPTIMIZATION_LEVEL = 0;
				GCC_PREPROCESSOR_DEFINITIONS = (
					"DEBUG=1",
					"$(inherited)",
				);
				GCC_WARN_64_TO_32_BIT_CONVERSION = YES;
				GCC_WARN_ABOUT_RETURN_TYPE = YES_ERROR;
				GCC_WARN_UNDECLARED_SELECTOR = YES;
				GCC_WARN_UNINITIALIZED_AUTOS = YES_AGGRESSIVE;
				GCC_WARN_UNUSED_FUNCTION = YES;
				GCC_WARN_UNUSED_VARIABLE = YES;
				IPHONEOS_DEPLOYMENT_TARGET = 16.1;
				MTL_ENABLE_DEBUG_INFO = INCLUDE_SOURCE;
				MTL_FAST_MATH = YES;
				ONLY_ACTIVE_ARCH = YES;
				SDKROOT = iphoneos;
				SWIFT_ACTIVE_COMPILATION_CONDITIONS = DEBUG;
				SWIFT_OPTIMIZATION_LEVEL = "-Onone";
			};
			name = Debug;
		};
		14BE30FB294311DB00D2ED6F /* Release */ = {
			isa = XCBuildConfiguration;
			buildSettings = {
				ALWAYS_SEARCH_USER_PATHS = NO;
				CLANG_ANALYZER_NONNULL = YES;
				CLANG_ANALYZER_NUMBER_OBJECT_CONVERSION = YES_AGGRESSIVE;
				CLANG_CXX_LANGUAGE_STANDARD = "gnu++20";
				CLANG_ENABLE_MODULES = YES;
				CLANG_ENABLE_OBJC_ARC = YES;
				CLANG_ENABLE_OBJC_WEAK = YES;
				CLANG_WARN_BLOCK_CAPTURE_AUTORELEASING = YES;
				CLANG_WARN_BOOL_CONVERSION = YES;
				CLANG_WARN_COMMA = YES;
				CLANG_WARN_CONSTANT_CONVERSION = YES;
				CLANG_WARN_DEPRECATED_OBJC_IMPLEMENTATIONS = YES;
				CLANG_WARN_DIRECT_OBJC_ISA_USAGE = YES_ERROR;
				CLANG_WARN_DOCUMENTATION_COMMENTS = YES;
				CLANG_WARN_EMPTY_BODY = YES;
				CLANG_WARN_ENUM_CONVERSION = YES;
				CLANG_WARN_INFINITE_RECURSION = YES;
				CLANG_WARN_INT_CONVERSION = YES;
				CLANG_WARN_NON_LITERAL_NULL_CONVERSION = YES;
				CLANG_WARN_OBJC_IMPLICIT_RETAIN_SELF = YES;
				CLANG_WARN_OBJC_LITERAL_CONVERSION = YES;
				CLANG_WARN_OBJC_ROOT_CLASS = YES_ERROR;
				CLANG_WARN_QUOTED_INCLUDE_IN_FRAMEWORK_HEADER = YES;
				CLANG_WARN_RANGE_LOOP_ANALYSIS = YES;
				CLANG_WARN_STRICT_PROTOTYPES = YES;
				CLANG_WARN_SUSPICIOUS_MOVE = YES;
				CLANG_WARN_UNGUARDED_AVAILABILITY = YES_AGGRESSIVE;
				CLANG_WARN_UNREACHABLE_CODE = YES;
				CLANG_WARN__DUPLICATE_METHOD_MATCH = YES;
				COPY_PHASE_STRIP = NO;
				DEBUG_INFORMATION_FORMAT = "dwarf-with-dsym";
				ENABLE_NS_ASSERTIONS = NO;
				ENABLE_STRICT_OBJC_MSGSEND = YES;
				GCC_C_LANGUAGE_STANDARD = gnu11;
				GCC_NO_COMMON_BLOCKS = YES;
				GCC_WARN_64_TO_32_BIT_CONVERSION = YES;
				GCC_WARN_ABOUT_RETURN_TYPE = YES_ERROR;
				GCC_WARN_UNDECLARED_SELECTOR = YES;
				GCC_WARN_UNINITIALIZED_AUTOS = YES_AGGRESSIVE;
				GCC_WARN_UNUSED_FUNCTION = YES;
				GCC_WARN_UNUSED_VARIABLE = YES;
				IPHONEOS_DEPLOYMENT_TARGET = 16.1;
				MTL_ENABLE_DEBUG_INFO = NO;
				MTL_FAST_MATH = YES;
				SDKROOT = iphoneos;
				SWIFT_COMPILATION_MODE = wholemodule;
				SWIFT_OPTIMIZATION_LEVEL = "-O";
				VALIDATE_PRODUCT = YES;
			};
			name = Release;
		};
		14BE30FD294311DB00D2ED6F /* Debug */ = {
			isa = XCBuildConfiguration;
			buildSettings = {
				ASSETCATALOG_COMPILER_APPICON_NAME = AppIcon;
				ASSETCATALOG_COMPILER_GLOBAL_ACCENT_COLOR_NAME = AccentColor;
				CODE_SIGN_STYLE = Automatic;
				CURRENT_PROJECT_VERSION = 1;
				DEVELOPMENT_ASSET_PATHS = "\"WordChainGame/Preview Content\"";
				DEVELOPMENT_TEAM = 99KS64JD42;
				ENABLE_PREVIEWS = YES;
				GENERATE_INFOPLIST_FILE = YES;
				INFOPLIST_KEY_UIApplicationSceneManifest_Generation = YES;
				INFOPLIST_KEY_UIApplicationSupportsIndirectInputEvents = YES;
				INFOPLIST_KEY_UILaunchScreen_Generation = YES;
				INFOPLIST_KEY_UISupportedInterfaceOrientations_iPad = "UIInterfaceOrientationPortrait UIInterfaceOrientationPortraitUpsideDown UIInterfaceOrientationLandscapeLeft UIInterfaceOrientationLandscapeRight";
				INFOPLIST_KEY_UISupportedInterfaceOrientations_iPhone = "UIInterfaceOrientationPortrait UIInterfaceOrientationLandscapeLeft UIInterfaceOrientationLandscapeRight";
				LD_RUNPATH_SEARCH_PATHS = (
					"$(inherited)",
					"@executable_path/Frameworks",
				);
				MARKETING_VERSION = 1.0;
				PRODUCT_BUNDLE_IDENTIFIER = com.jeon.WordChainGame;
				PRODUCT_NAME = "$(TARGET_NAME)";
				SWIFT_EMIT_LOC_STRINGS = YES;
				SWIFT_VERSION = 5.0;
				TARGETED_DEVICE_FAMILY = "1,2";
			};
			name = Debug;
		};
		14BE30FE294311DB00D2ED6F /* Release */ = {
			isa = XCBuildConfiguration;
			buildSettings = {
				ASSETCATALOG_COMPILER_APPICON_NAME = AppIcon;
				ASSETCATALOG_COMPILER_GLOBAL_ACCENT_COLOR_NAME = AccentColor;
				CODE_SIGN_STYLE = Automatic;
				CURRENT_PROJECT_VERSION = 1;
				DEVELOPMENT_ASSET_PATHS = "\"WordChainGame/Preview Content\"";
				DEVELOPMENT_TEAM = 99KS64JD42;
				ENABLE_PREVIEWS = YES;
				GENERATE_INFOPLIST_FILE = YES;
				INFOPLIST_KEY_UIApplicationSceneManifest_Generation = YES;
				INFOPLIST_KEY_UIApplicationSupportsIndirectInputEvents = YES;
				INFOPLIST_KEY_UILaunchScreen_Generation = YES;
				INFOPLIST_KEY_UISupportedInterfaceOrientations_iPad = "UIInterfaceOrientationPortrait UIInterfaceOrientationPortraitUpsideDown UIInterfaceOrientationLandscapeLeft UIInterfaceOrientationLandscapeRight";
				INFOPLIST_KEY_UISupportedInterfaceOrientations_iPhone = "UIInterfaceOrientationPortrait UIInterfaceOrientationLandscapeLeft UIInterfaceOrientationLandscapeRight";
				LD_RUNPATH_SEARCH_PATHS = (
					"$(inherited)",
					"@executable_path/Frameworks",
				);
				MARKETING_VERSION = 1.0;
				PRODUCT_BUNDLE_IDENTIFIER = com.jeon.WordChainGame;
				PRODUCT_NAME = "$(TARGET_NAME)";
				SWIFT_EMIT_LOC_STRINGS = YES;
				SWIFT_VERSION = 5.0;
				TARGETED_DEVICE_FAMILY = "1,2";
			};
			name = Release;
		};
/* End XCBuildConfiguration section */

/* Begin XCConfigurationList section */
		14BE30E9294311D500D2ED6F /* Build configuration list for PBXProject "WordChainGame" */ = {
			isa = XCConfigurationList;
			buildConfigurations = (
				14BE30FA294311DB00D2ED6F /* Debug */,
				14BE30FB294311DB00D2ED6F /* Release */,
			);
			defaultConfigurationIsVisible = 0;
			defaultConfigurationName = Release;
		};
		14BE30FC294311DB00D2ED6F /* Build configuration list for PBXNativeTarget "WordChainGame" */ = {
			isa = XCConfigurationList;
			buildConfigurations = (
				14BE30FD294311DB00D2ED6F /* Debug */,
				14BE30FE294311DB00D2ED6F /* Release */,
			);
			defaultConfigurationIsVisible = 0;
			defaultConfigurationName = Release;
		};
/* End XCConfigurationList section */

/* Begin XCRemoteSwiftPackageReference section */
		14BE310E2943184000D2ED6F /* XCRemoteSwiftPackageReference "firebase-ios-sdk" */ = {
			isa = XCRemoteSwiftPackageReference;
			repositoryURL = "https://github.com/firebase/firebase-ios-sdk";
			requirement = {
				branch = master;
				kind = branch;
			};
		};
/* End XCRemoteSwiftPackageReference section */

/* Begin XCSwiftPackageProductDependency section */
		14BE310F2943184000D2ED6F /* FirebaseAuth */ = {
			isa = XCSwiftPackageProductDependency;
			package = 14BE310E2943184000D2ED6F /* XCRemoteSwiftPackageReference "firebase-ios-sdk" */;
			productName = FirebaseAuth;
		};
		14BE31112943184000D2ED6F /* FirebaseDatabase */ = {
			isa = XCSwiftPackageProductDependency;
			package = 14BE310E2943184000D2ED6F /* XCRemoteSwiftPackageReference "firebase-ios-sdk" */;
			productName = FirebaseDatabase;
		};
		14BE31132943184000D2ED6F /* FirebaseDatabaseSwift */ = {
			isa = XCSwiftPackageProductDependency;
			package = 14BE310E2943184000D2ED6F /* XCRemoteSwiftPackageReference "firebase-ios-sdk" */;
			productName = FirebaseDatabaseSwift;
		};
		14BE31152943184000D2ED6F /* FirebaseFirestore */ = {
			isa = XCSwiftPackageProductDependency;
			package = 14BE310E2943184000D2ED6F /* XCRemoteSwiftPackageReference "firebase-ios-sdk" */;
			productName = FirebaseFirestore;
		};
		14BE31172943184000D2ED6F /* FirebaseFirestoreSwift */ = {
			isa = XCSwiftPackageProductDependency;
			package = 14BE310E2943184000D2ED6F /* XCRemoteSwiftPackageReference "firebase-ios-sdk" */;
			productName = FirebaseFirestoreSwift;
		};
/* End XCSwiftPackageProductDependency section */
	};
	rootObject = 14BE30E6294311D500D2ED6F /* Project object */;
}
